schema: '2.0'
stages:
  validate_data:
    cmd: python3 -m src.credit_risk.data.validate
    deps:
    - path: configs/logging.yaml
      hash: md5
      md5: 8e5e66179e26c29f84c9513e20679a04
      size: 270
    - path: src/credit_risk/config.py
      hash: md5
      md5: a12c835c2ba7225211c9f79d2fe4bc65
      size: 2653
    - path: src/credit_risk/data/validate.py
      hash: md5
      md5: ac9f17b9023c107b35dedf3e14c67221
      size: 2824
    params:
      params.yaml:
        dataset:
          raw_path: data/raw/german_credit.csv
          processed_path: data/processed/german_credit_validated.csv
          final_path: data/processed/credit_risk_features.csv
          train_path: data/processed/train.csv
          validation_path: data/processed/validation.csv
          test_path: data/processed/test.csv
          schema_path: data/processed/schema.json
          target_column: target_bad
          allow_missing_raw: true
        validation:
          min_rows: 100
          expected_columns: 21
          allowed_targets:
          - '0'
          - '1'
    outs:
    - path: data/processed/german_credit_validated.csv
      hash: md5
      md5: b73588314f3a67fd69d040d641ee2cfc
      size: 16453645
  preprocess_data:
    cmd: python3 -m src.credit_risk.data.preprocess
    deps:
    - path: configs/logging.yaml
      hash: md5
      md5: 8e5e66179e26c29f84c9513e20679a04
      size: 270
    - path: data/processed/german_credit_validated.csv
      hash: md5
      md5: b73588314f3a67fd69d040d641ee2cfc
      size: 16453645
    - path: src/credit_risk/config.py
      hash: md5
      md5: a12c835c2ba7225211c9f79d2fe4bc65
      size: 2653
    - path: src/credit_risk/data/preprocess.py
      hash: md5
      md5: 745a6939c9fa372d6384312b7816b67e
      size: 3004
    params:
      params.yaml:
        dataset:
          raw_path: data/raw/german_credit.csv
          processed_path: data/processed/german_credit_validated.csv
          final_path: data/processed/credit_risk_features.csv
          train_path: data/processed/train.csv
          validation_path: data/processed/validation.csv
          test_path: data/processed/test.csv
          schema_path: data/processed/schema.json
          target_column: target_bad
          allow_missing_raw: true
        preprocessing:
          drop_duplicates: true
          encode_target: false
          drop_columns:
          - application_id
          - timestamp
          target_mapping:
            good: 0
            bad: 1
    outs:
    - path: data/processed/credit_risk_features.csv
      hash: md5
      md5: 8dfdda05bd234e5c99849b837655af70
      size: 14086587
  infer_schema:
    cmd: python3 -m src.credit_risk.data.schema
    deps:
    - path: configs/logging.yaml
      hash: md5
      md5: 8e5e66179e26c29f84c9513e20679a04
      size: 270
    - path: data/processed/credit_risk_features.csv
      hash: md5
      md5: 8dfdda05bd234e5c99849b837655af70
      size: 14086587
    - path: src/credit_risk/config.py
      hash: md5
      md5: a12c835c2ba7225211c9f79d2fe4bc65
      size: 2653
    - path: src/credit_risk/data/schema.py
      hash: md5
      md5: 5902e2f299a75a0fe8e78e2218a05329
      size: 3197
    params:
      params.yaml:
        dataset:
          raw_path: data/raw/german_credit.csv
          processed_path: data/processed/german_credit_validated.csv
          final_path: data/processed/credit_risk_features.csv
          train_path: data/processed/train.csv
          validation_path: data/processed/validation.csv
          test_path: data/processed/test.csv
          schema_path: data/processed/schema.json
          target_column: target_bad
          allow_missing_raw: true
    outs:
    - path: data/processed/schema.json
      hash: md5
      md5: 585bdfb9b8ae820e43569f28990cc2b9
      size: 4507
  split_data:
    cmd: python3 -m src.credit_risk.data.splitter
    deps:
    - path: configs/logging.yaml
      hash: md5
      md5: 8e5e66179e26c29f84c9513e20679a04
      size: 270
    - path: data/processed/credit_risk_features.csv
      hash: md5
      md5: 8dfdda05bd234e5c99849b837655af70
      size: 14086587
    - path: src/credit_risk/config.py
      hash: md5
      md5: a12c835c2ba7225211c9f79d2fe4bc65
      size: 2653
    - path: src/credit_risk/data/splitter.py
      hash: md5
      md5: 0d00e71ababe6a7d9ee1479f5d4b7402
      size: 2840
    params:
      params.yaml:
        dataset:
          raw_path: data/raw/german_credit.csv
          processed_path: data/processed/german_credit_validated.csv
          final_path: data/processed/credit_risk_features.csv
          train_path: data/processed/train.csv
          validation_path: data/processed/validation.csv
          test_path: data/processed/test.csv
          schema_path: data/processed/schema.json
          target_column: target_bad
          allow_missing_raw: true
        split:
          train_size: 0.7
          validation_size: 0.15
          test_size: 0.15
          stratify: true
          random_state: 42
    outs:
    - path: data/processed/test.csv
      hash: md5
      md5: 4a9be4d1bb478fa9ac67f7222117ffa3
      size: 2113916
    - path: data/processed/train.csv
      hash: md5
      md5: 7eb8beea92f8a07605428d105bd9e668
      size: 9860939
    - path: data/processed/validation.csv
      hash: md5
      md5: 71d66f0cff1322a763e0885685a8876f
      size: 2113854
  train_model:
    cmd: python3 -m src.credit_risk.modeling.train
    deps:
    - path: configs/logging.yaml
      hash: md5
      md5: 8e5e66179e26c29f84c9513e20679a04
      size: 270
    - path: data/processed/train.csv
      hash: md5
      md5: 7eb8beea92f8a07605428d105bd9e668
      size: 9860939
    - path: data/processed/validation.csv
      hash: md5
      md5: 71d66f0cff1322a763e0885685a8876f
      size: 2113854
    - path: src/credit_risk/config.py
      hash: md5
      md5: a12c835c2ba7225211c9f79d2fe4bc65
      size: 2653
    - path: src/credit_risk/modeling/metrics.py
      hash: md5
      md5: fa1d963a528df9d9df26b08c49747462
      size: 797
    - path: src/credit_risk/modeling/train.py
      hash: md5
      md5: de20440db3ba1c2ca3051378dd9d33d8
      size: 5385
    params:
      params.yaml:
        dataset:
          raw_path: data/raw/german_credit.csv
          processed_path: data/processed/german_credit_validated.csv
          final_path: data/processed/credit_risk_features.csv
          train_path: data/processed/train.csv
          validation_path: data/processed/validation.csv
          test_path: data/processed/test.csv
          schema_path: data/processed/schema.json
          target_column: target_bad
          allow_missing_raw: true
        mlflow:
          tracking_uri: mlruns
          experiment_name: credit-risk
          registered_model_name: credit-risk-model
        model:
          output_path: models/model.pkl
          metrics_path: models/metrics.json
          algorithm: random_forest
          random_state: 42
          test_size: 0.2
          logistic_regression:
            max_iter: 1000
            class_weight: balanced
          random_forest:
            n_estimators: 200
            max_depth: 8
            min_samples_split: 2
            min_samples_leaf: 1
            class_weight: balanced
    outs:
    - path: models/metrics.json
      hash: md5
      md5: 17bc31641df3faf8202b211b4d52b351
      size: 166
    - path: models/model.pkl
      hash: md5
      md5: d68a8355de9fe86ac66bcb8fcf674220
      size: 7312552
